// !$*UTF8*$!
{
	archiveVersion = 1;
	classes = {
	};
	objectVersion = 46;
	objects = {

/* Begin PBXBuildFile section */
		06768AC81E137740001114DC /* AppDelegate.swift in Sources */ = {isa = PBXBuildFile; fileRef = 06768AC71E137740001114DC /* AppDelegate.swift */; };
		06768ACD1E137740001114DC /* Main.storyboard in Resources */ = {isa = PBXBuildFile; fileRef = 06768ACB1E137740001114DC /* Main.storyboard */; };
		06768ACF1E137740001114DC /* Assets.xcassets in Resources */ = {isa = PBXBuildFile; fileRef = 06768ACE1E137740001114DC /* Assets.xcassets */; };
		06768AD21E137740001114DC /* LaunchScreen.storyboard in Resources */ = {isa = PBXBuildFile; fileRef = 06768AD01E137740001114DC /* LaunchScreen.storyboard */; };
		06768ADD1E137740001114DC /* MyCarTests.swift in Sources */ = {isa = PBXBuildFile; fileRef = 06768ADC1E137740001114DC /* MyCarTests.swift */; };
		06768AE81E137794001114DC /* ManufacturerTests.swift in Sources */ = {isa = PBXBuildFile; fileRef = 06768AE71E137794001114DC /* ManufacturerTests.swift */; };
		06768AEA1E1377D2001114DC /* Manufacturer.swift in Sources */ = {isa = PBXBuildFile; fileRef = 06768AE91E1377D2001114DC /* Manufacturer.swift */; };
		06768AEC1E137825001114DC /* ModelTests.swift in Sources */ = {isa = PBXBuildFile; fileRef = 06768AEB1E137825001114DC /* ModelTests.swift */; };
		06768AEE1E137845001114DC /* Model.swift in Sources */ = {isa = PBXBuildFile; fileRef = 06768AED1E137845001114DC /* Model.swift */; };
		06768AF21E1378B4001114DC /* ManufacturerManagerTests.swift in Sources */ = {isa = PBXBuildFile; fileRef = 06768AF11E1378B4001114DC /* ManufacturerManagerTests.swift */; };
		06768AF41E1378DD001114DC /* Manager.swift in Sources */ = {isa = PBXBuildFile; fileRef = 06768AF31E1378DD001114DC /* Manager.swift */; };
		06768AFE1E1390C5001114DC /* ManufacturersListVCTests.swift in Sources */ = {isa = PBXBuildFile; fileRef = 06768AFD1E1390C5001114DC /* ManufacturersListVCTests.swift */; };
		06768B001E139146001114DC /* ManufacturersListViewController.swift in Sources */ = {isa = PBXBuildFile; fileRef = 06768AFF1E139146001114DC /* ManufacturersListViewController.swift */; };
		06768B041E13935B001114DC /* ManufacturersListDataProviderTests.swift in Sources */ = {isa = PBXBuildFile; fileRef = 06768B031E13935B001114DC /* ManufacturersListDataProviderTests.swift */; };
		06768B071E13944B001114DC /* ListDataProvider.swift in Sources */ = {isa = PBXBuildFile; fileRef = 06768B061E13944B001114DC /* ListDataProvider.swift */; };
		06768B0A1E139CD6001114DC /* ManufacturerCellTests.swift in Sources */ = {isa = PBXBuildFile; fileRef = 06768B091E139CD6001114DC /* ManufacturerCellTests.swift */; };
		06768B0D1E139E08001114DC /* ManufacturerCell.swift in Sources */ = {isa = PBXBuildFile; fileRef = 06768B0C1E139E08001114DC /* ManufacturerCell.swift */; };
		06768B101E14B554001114DC /* CarElement.swift in Sources */ = {isa = PBXBuildFile; fileRef = 06768B0F1E14B554001114DC /* CarElement.swift */; };
		06768B121E14D256001114DC /* IParser.swift in Sources */ = {isa = PBXBuildFile; fileRef = 06768B111E14D256001114DC /* IParser.swift */; };
		06768B141E14D2D2001114DC /* ManufacturersParser.swift in Sources */ = {isa = PBXBuildFile; fileRef = 06768B131E14D2D2001114DC /* ManufacturersParser.swift */; };
		06768B161E14D306001114DC /* ModelsParser.swift in Sources */ = {isa = PBXBuildFile; fileRef = 06768B151E14D306001114DC /* ModelsParser.swift */; };
		06768B181E14D6C2001114DC /* APIClient.swift in Sources */ = {isa = PBXBuildFile; fileRef = 06768B171E14D6C2001114DC /* APIClient.swift */; };
		06768B1A1E14DEEC001114DC /* ManufacturerCellSelectionNotificator.swift in Sources */ = {isa = PBXBuildFile; fileRef = 06768B191E14DEEC001114DC /* ManufacturerCellSelectionNotificator.swift */; };
		06768B1D1E14E703001114DC /* ManufacturerParsingCompletionNotificator.swift in Sources */ = {isa = PBXBuildFile; fileRef = 06768B1C1E14E703001114DC /* ManufacturerParsingCompletionNotificator.swift */; };
		06768B211E14F6E1001114DC /* ICellSelectionNotificator.swift in Sources */ = {isa = PBXBuildFile; fileRef = 06768B201E14F6E1001114DC /* ICellSelectionNotificator.swift */; };
		06768B231E14F8A3001114DC /* IParsingCompletionNotificator.swift in Sources */ = {isa = PBXBuildFile; fileRef = 06768B221E14F8A3001114DC /* IParsingCompletionNotificator.swift */; };
		06768B251E1515CA001114DC /* ManufacturerURLGenerator.swift in Sources */ = {isa = PBXBuildFile; fileRef = 06768B241E1515CA001114DC /* ManufacturerURLGenerator.swift */; };
		06768B271E1518A9001114DC /* URLElementsConstsnts.swift in Sources */ = {isa = PBXBuildFile; fileRef = 06768B261E1518A9001114DC /* URLElementsConstsnts.swift */; };
		06768B291E151C57001114DC /* GlobalConstants.swift in Sources */ = {isa = PBXBuildFile; fileRef = 06768B281E151C56001114DC /* GlobalConstants.swift */; };
		06768B2B1E154829001114DC /* IURLGenerator.swift in Sources */ = {isa = PBXBuildFile; fileRef = 06768B2A1E154829001114DC /* IURLGenerator.swift */; };
		06768B2D1E154963001114DC /* ModelURLGenerator.swift in Sources */ = {isa = PBXBuildFile; fileRef = 06768B2C1E154963001114DC /* ModelURLGenerator.swift */; };
		068E54E11E160DD700A9CA32 /* IAPICLient.swift in Sources */ = {isa = PBXBuildFile; fileRef = 068E54E01E160DD700A9CA32 /* IAPICLient.swift */; };
/* End PBXBuildFile section */

/* Begin PBXContainerItemProxy section */
		06768AD91E137740001114DC /* PBXContainerItemProxy */ = {
			isa = PBXContainerItemProxy;
			containerPortal = 06768ABC1E137740001114DC /* Project object */;
			proxyType = 1;
			remoteGlobalIDString = 06768AC31E137740001114DC;
			remoteInfo = MyCar;
		};
/* End PBXContainerItemProxy section */

/* Begin PBXFileReference section */
		06768AC41E137740001114DC /* MyCar.app */ = {isa = PBXFileReference; explicitFileType = wrapper.application; includeInIndex = 0; path = MyCar.app; sourceTree = BUILT_PRODUCTS_DIR; };
		06768AC71E137740001114DC /* AppDelegate.swift */ = {isa = PBXFileReference; lastKnownFileType = sourcecode.swift; path = AppDelegate.swift; sourceTree = "<group>"; };
		06768ACC1E137740001114DC /* Base */ = {isa = PBXFileReference; lastKnownFileType = file.storyboard; name = Base; path = Base.lproj/Main.storyboard; sourceTree = "<group>"; };
		06768ACE1E137740001114DC /* Assets.xcassets */ = {isa = PBXFileReference; lastKnownFileType = folder.assetcatalog; path = Assets.xcassets; sourceTree = "<group>"; };
		06768AD11E137740001114DC /* Base */ = {isa = PBXFileReference; lastKnownFileType = file.storyboard; name = Base; path = Base.lproj/LaunchScreen.storyboard; sourceTree = "<group>"; };
		06768AD31E137740001114DC /* Info.plist */ = {isa = PBXFileReference; lastKnownFileType = text.plist.xml; path = Info.plist; sourceTree = "<group>"; };
		06768AD81E137740001114DC /* MyCarTests.xctest */ = {isa = PBXFileReference; explicitFileType = wrapper.cfbundle; includeInIndex = 0; path = MyCarTests.xctest; sourceTree = BUILT_PRODUCTS_DIR; };
		06768ADC1E137740001114DC /* MyCarTests.swift */ = {isa = PBXFileReference; lastKnownFileType = sourcecode.swift; path = MyCarTests.swift; sourceTree = "<group>"; };
		06768ADE1E137740001114DC /* Info.plist */ = {isa = PBXFileReference; lastKnownFileType = text.plist.xml; path = Info.plist; sourceTree = "<group>"; };
		06768AE71E137794001114DC /* ManufacturerTests.swift */ = {isa = PBXFileReference; fileEncoding = 4; lastKnownFileType = sourcecode.swift; name = ManufacturerTests.swift; path = "A Car/ManufacturerTests.swift"; sourceTree = "<group>"; };
		06768AE91E1377D2001114DC /* Manufacturer.swift */ = {isa = PBXFileReference; fileEncoding = 4; lastKnownFileType = sourcecode.swift; name = Manufacturer.swift; path = "A Car/Manufacturer.swift"; sourceTree = "<group>"; };
		06768AEB1E137825001114DC /* ModelTests.swift */ = {isa = PBXFileReference; fileEncoding = 4; lastKnownFileType = sourcecode.swift; name = ModelTests.swift; path = "A Car/ModelTests.swift"; sourceTree = "<group>"; };
		06768AED1E137845001114DC /* Model.swift */ = {isa = PBXFileReference; fileEncoding = 4; lastKnownFileType = sourcecode.swift; name = Model.swift; path = "A Car/Model.swift"; sourceTree = "<group>"; };
		06768AF11E1378B4001114DC /* ManufacturerManagerTests.swift */ = {isa = PBXFileReference; fileEncoding = 4; lastKnownFileType = sourcecode.swift; name = ManufacturerManagerTests.swift; path = "Car Objects Managers/ManufacturerManagerTests.swift"; sourceTree = "<group>"; };
		06768AF31E1378DD001114DC /* Manager.swift */ = {isa = PBXFileReference; fileEncoding = 4; lastKnownFileType = sourcecode.swift; name = Manager.swift; path = "Car Objects Managers/Manager.swift"; sourceTree = "<group>"; };
		06768AFD1E1390C5001114DC /* ManufacturersListVCTests.swift */ = {isa = PBXFileReference; fileEncoding = 4; lastKnownFileType = sourcecode.swift; name = ManufacturersListVCTests.swift; path = Controllers/ManufacturersListVCTests.swift; sourceTree = "<group>"; };
		06768AFF1E139146001114DC /* ManufacturersListViewController.swift */ = {isa = PBXFileReference; fileEncoding = 4; lastKnownFileType = sourcecode.swift; name = ManufacturersListViewController.swift; path = Controllers/ManufacturersListViewController.swift; sourceTree = "<group>"; };
		06768B031E13935B001114DC /* ManufacturersListDataProviderTests.swift */ = {isa = PBXFileReference; fileEncoding = 4; lastKnownFileType = sourcecode.swift; name = ManufacturersListDataProviderTests.swift; path = "Lists Data Providers/ManufacturersListDataProviderTests.swift"; sourceTree = "<group>"; };
		06768B061E13944B001114DC /* ListDataProvider.swift */ = {isa = PBXFileReference; fileEncoding = 4; lastKnownFileType = sourcecode.swift; name = ListDataProvider.swift; path = "Lists Data Providers/ListDataProvider.swift"; sourceTree = "<group>"; };
		06768B091E139CD6001114DC /* ManufacturerCellTests.swift */ = {isa = PBXFileReference; fileEncoding = 4; lastKnownFileType = sourcecode.swift; name = ManufacturerCellTests.swift; path = Cells/ManufacturerCellTests.swift; sourceTree = "<group>"; };
		06768B0C1E139E08001114DC /* ManufacturerCell.swift */ = {isa = PBXFileReference; fileEncoding = 4; lastKnownFileType = sourcecode.swift; name = ManufacturerCell.swift; path = Cells/ManufacturerCell.swift; sourceTree = "<group>"; };
		06768B0F1E14B554001114DC /* CarElement.swift */ = {isa = PBXFileReference; fileEncoding = 4; lastKnownFileType = sourcecode.swift; name = CarElement.swift; path = "A Car/CarElement.swift"; sourceTree = "<group>"; };
		06768B111E14D256001114DC /* IParser.swift */ = {isa = PBXFileReference; fileEncoding = 4; lastKnownFileType = sourcecode.swift; path = IParser.swift; sourceTree = "<group>"; };
		06768B131E14D2D2001114DC /* ManufacturersParser.swift */ = {isa = PBXFileReference; fileEncoding = 4; lastKnownFileType = sourcecode.swift; path = ManufacturersParser.swift; sourceTree = "<group>"; };
		06768B151E14D306001114DC /* ModelsParser.swift */ = {isa = PBXFileReference; fileEncoding = 4; lastKnownFileType = sourcecode.swift; path = ModelsParser.swift; sourceTree = "<group>"; };
		06768B171E14D6C2001114DC /* APIClient.swift */ = {isa = PBXFileReference; fileEncoding = 4; lastKnownFileType = sourcecode.swift; name = APIClient.swift; path = "API Client/APIClient.swift"; sourceTree = "<group>"; };
		06768B191E14DEEC001114DC /* ManufacturerCellSelectionNotificator.swift */ = {isa = PBXFileReference; fileEncoding = 4; lastKnownFileType = sourcecode.swift; name = ManufacturerCellSelectionNotificator.swift; path = "Car Objects Managers/Notificator/ManufacturerCellSelectionNotificator.swift"; sourceTree = "<group>"; };
		06768B1C1E14E703001114DC /* ManufacturerParsingCompletionNotificator.swift */ = {isa = PBXFileReference; fileEncoding = 4; lastKnownFileType = sourcecode.swift; name = ManufacturerParsingCompletionNotificator.swift; path = "Car Objects Managers/Notificator/ManufacturerParsingCompletionNotificator.swift"; sourceTree = "<group>"; };
		06768B201E14F6E1001114DC /* ICellSelectionNotificator.swift */ = {isa = PBXFileReference; fileEncoding = 4; lastKnownFileType = sourcecode.swift; name = ICellSelectionNotificator.swift; path = "Car Objects Managers/Notificator/ICellSelectionNotificator.swift"; sourceTree = "<group>"; };
		06768B221E14F8A3001114DC /* IParsingCompletionNotificator.swift */ = {isa = PBXFileReference; fileEncoding = 4; lastKnownFileType = sourcecode.swift; name = IParsingCompletionNotificator.swift; path = "Car Objects Managers/Notificator/IParsingCompletionNotificator.swift"; sourceTree = "<group>"; };
		06768B241E1515CA001114DC /* ManufacturerURLGenerator.swift */ = {isa = PBXFileReference; fileEncoding = 4; lastKnownFileType = sourcecode.swift; name = ManufacturerURLGenerator.swift; path = "API Client/ManufacturerURLGenerator.swift"; sourceTree = "<group>"; };
		06768B261E1518A9001114DC /* URLElementsConstsnts.swift */ = {isa = PBXFileReference; fileEncoding = 4; lastKnownFileType = sourcecode.swift; name = URLElementsConstsnts.swift; path = "API Client/URLElementsConstsnts.swift"; sourceTree = "<group>"; };
		06768B281E151C56001114DC /* GlobalConstants.swift */ = {isa = PBXFileReference; fileEncoding = 4; lastKnownFileType = sourcecode.swift; path = GlobalConstants.swift; sourceTree = "<group>"; };
		06768B2A1E154829001114DC /* IURLGenerator.swift */ = {isa = PBXFileReference; fileEncoding = 4; lastKnownFileType = sourcecode.swift; name = IURLGenerator.swift; path = "API Client/IURLGenerator.swift"; sourceTree = "<group>"; };
		06768B2C1E154963001114DC /* ModelURLGenerator.swift */ = {isa = PBXFileReference; fileEncoding = 4; lastKnownFileType = sourcecode.swift; name = ModelURLGenerator.swift; path = "API Client/ModelURLGenerator.swift"; sourceTree = "<group>"; };
		068E54E01E160DD700A9CA32 /* IAPICLient.swift */ = {isa = PBXFileReference; fileEncoding = 4; lastKnownFileType = sourcecode.swift; name = IAPICLient.swift; path = "API Client/IAPICLient.swift"; sourceTree = "<group>"; };
/* End PBXFileReference section */

/* Begin PBXFrameworksBuildPhase section */
		06768AC11E137740001114DC /* Frameworks */ = {
			isa = PBXFrameworksBuildPhase;
			buildActionMask = 2147483647;
			files = (
			);
			runOnlyForDeploymentPostprocessing = 0;
		};
		06768AD51E137740001114DC /* Frameworks */ = {
			isa = PBXFrameworksBuildPhase;
			buildActionMask = 2147483647;
			files = (
			);
			runOnlyForDeploymentPostprocessing = 0;
		};
/* End PBXFrameworksBuildPhase section */

/* Begin PBXGroup section */
		06768ABB1E137740001114DC = {
			isa = PBXGroup;
			children = (
				06768AC61E137740001114DC /* MyCar */,
				06768ADB1E137740001114DC /* MyCarTests */,
				06768AC51E137740001114DC /* Products */,
			);
			sourceTree = "<group>";
		};
		06768AC51E137740001114DC /* Products */ = {
			isa = PBXGroup;
			children = (
				06768AC41E137740001114DC /* MyCar.app */,
				06768AD81E137740001114DC /* MyCarTests.xctest */,
			);
			name = Products;
			sourceTree = "<group>";
		};
		06768AC61E137740001114DC /* MyCar */ = {
			isa = PBXGroup;
			children = (
				06768AC71E137740001114DC /* AppDelegate.swift */,
				06768B281E151C56001114DC /* GlobalConstants.swift */,
				06768B1E1E14ECAF001114DC /* API Client */,
				06768B0E1E139E13001114DC /* Cells */,
				06768B081E139909001114DC /* Lists Data Providers */,
				06768B011E139264001114DC /* Controllers */,
				06768AF81E13790F001114DC /* Car Objects Managers */,
				06768AEF1E137857001114DC /* A Car */,
				06768ACB1E137740001114DC /* Main.storyboard */,
				06768ACE1E137740001114DC /* Assets.xcassets */,
				06768AD01E137740001114DC /* LaunchScreen.storyboard */,
				06768AD31E137740001114DC /* Info.plist */,
			);
			path = MyCar;
			sourceTree = "<group>";
		};
		06768ADB1E137740001114DC /* MyCarTests */ = {
			isa = PBXGroup;
			children = (
				06768ADC1E137740001114DC /* MyCarTests.swift */,
				06768B0B1E139DAE001114DC /* Cells */,
				06768B051E13935F001114DC /* Lists Data Providers */,
				06768B021E139270001114DC /* Controllers */,
				06768AF71E137909001114DC /* Car Objects Managers */,
				06768AF01E13785F001114DC /* A Car */,
				06768ADE1E137740001114DC /* Info.plist */,
			);
			path = MyCarTests;
			sourceTree = "<group>";
		};
		06768AEF1E137857001114DC /* A Car */ = {
			isa = PBXGroup;
			children = (
				06768AE91E1377D2001114DC /* Manufacturer.swift */,
				06768B0F1E14B554001114DC /* CarElement.swift */,
				06768AED1E137845001114DC /* Model.swift */,
			);
			name = "A Car";
			sourceTree = "<group>";
		};
		06768AF01E13785F001114DC /* A Car */ = {
			isa = PBXGroup;
			children = (
				06768AE71E137794001114DC /* ManufacturerTests.swift */,
				06768AEB1E137825001114DC /* ModelTests.swift */,
			);
			name = "A Car";
			sourceTree = "<group>";
		};
		06768AF71E137909001114DC /* Car Objects Managers */ = {
			isa = PBXGroup;
			children = (
				06768AF11E1378B4001114DC /* ManufacturerManagerTests.swift */,
			);
			name = "Car Objects Managers";
			sourceTree = "<group>";
		};
		06768AF81E13790F001114DC /* Car Objects Managers */ = {
			isa = PBXGroup;
			children = (
				06768AF31E1378DD001114DC /* Manager.swift */,
				06768B1F1E14ED93001114DC /* Parser */,
				06768B1B1E14DEF2001114DC /* Notificator */,
			);
			name = "Car Objects Managers";
			sourceTree = "<group>";
		};
		06768B011E139264001114DC /* Controllers */ = {
			isa = PBXGroup;
			children = (
				06768AFF1E139146001114DC /* ManufacturersListViewController.swift */,
			);
			name = Controllers;
			sourceTree = "<group>";
		};
		06768B021E139270001114DC /* Controllers */ = {
			isa = PBXGroup;
			children = (
				06768AFD1E1390C5001114DC /* ManufacturersListVCTests.swift */,
			);
			name = Controllers;
			sourceTree = "<group>";
		};
		06768B051E13935F001114DC /* Lists Data Providers */ = {
			isa = PBXGroup;
			children = (
				06768B031E13935B001114DC /* ManufacturersListDataProviderTests.swift */,
			);
			name = "Lists Data Providers";
			sourceTree = "<group>";
		};
		06768B081E139909001114DC /* Lists Data Providers */ = {
			isa = PBXGroup;
			children = (
				06768B061E13944B001114DC /* ListDataProvider.swift */,
			);
			name = "Lists Data Providers";
			sourceTree = "<group>";
		};
		06768B0B1E139DAE001114DC /* Cells */ = {
			isa = PBXGroup;
			children = (
				06768B091E139CD6001114DC /* ManufacturerCellTests.swift */,
			);
			name = Cells;
			sourceTree = "<group>";
		};
		06768B0E1E139E13001114DC /* Cells */ = {
			isa = PBXGroup;
			children = (
				06768B0C1E139E08001114DC /* ManufacturerCell.swift */,
			);
			name = Cells;
			sourceTree = "<group>";
		};
		06768B1B1E14DEF2001114DC /* Notificator */ = {
			isa = PBXGroup;
			children = (
				06768B201E14F6E1001114DC /* ICellSelectionNotificator.swift */,
				06768B221E14F8A3001114DC /* IParsingCompletionNotificator.swift */,
				06768B191E14DEEC001114DC /* ManufacturerCellSelectionNotificator.swift */,
				06768B1C1E14E703001114DC /* ManufacturerParsingCompletionNotificator.swift */,
			);
			name = Notificator;
			sourceTree = "<group>";
		};
		06768B1E1E14ECAF001114DC /* API Client */ = {
			isa = PBXGroup;
			children = (
				06768B171E14D6C2001114DC /* APIClient.swift */,
				068E54E01E160DD700A9CA32 /* IAPICLient.swift */,
				068E54E21E160E1900A9CA32 /* URLGenerator */,
			);
			name = "API Client";
			sourceTree = "<group>";
		};
		06768B1F1E14ED93001114DC /* Parser */ = {
			isa = PBXGroup;
			children = (
				06768B111E14D256001114DC /* IParser.swift */,
				06768B131E14D2D2001114DC /* ManufacturersParser.swift */,
				06768B151E14D306001114DC /* ModelsParser.swift */,
			);
			name = Parser;
			sourceTree = "<group>";
		};
		068E54E21E160E1900A9CA32 /* URLGenerator */ = {
			isa = PBXGroup;
			children = (
				06768B241E1515CA001114DC /* ManufacturerURLGenerator.swift */,
				06768B2C1E154963001114DC /* ModelURLGenerator.swift */,
				06768B2A1E154829001114DC /* IURLGenerator.swift */,
				06768B261E1518A9001114DC /* URLElementsConstsnts.swift */,
			);
			name = URLGenerator;
			sourceTree = "<group>";
		};
/* End PBXGroup section */

/* Begin PBXNativeTarget section */
		06768AC31E137740001114DC /* MyCar */ = {
			isa = PBXNativeTarget;
			buildConfigurationList = 06768AE11E137740001114DC /* Build configuration list for PBXNativeTarget "MyCar" */;
			buildPhases = (
				06768AC01E137740001114DC /* Sources */,
				06768AC11E137740001114DC /* Frameworks */,
				06768AC21E137740001114DC /* Resources */,
			);
			buildRules = (
			);
			dependencies = (
			);
			name = MyCar;
			productName = MyCar;
			productReference = 06768AC41E137740001114DC /* MyCar.app */;
			productType = "com.apple.product-type.application";
		};
		06768AD71E137740001114DC /* MyCarTests */ = {
			isa = PBXNativeTarget;
			buildConfigurationList = 06768AE41E137740001114DC /* Build configuration list for PBXNativeTarget "MyCarTests" */;
			buildPhases = (
				06768AD41E137740001114DC /* Sources */,
				06768AD51E137740001114DC /* Frameworks */,
				06768AD61E137740001114DC /* Resources */,
			);
			buildRules = (
			);
			dependencies = (
				06768ADA1E137740001114DC /* PBXTargetDependency */,
			);
			name = MyCarTests;
			productName = MyCarTests;
			productReference = 06768AD81E137740001114DC /* MyCarTests.xctest */;
			productType = "com.apple.product-type.bundle.unit-test";
		};
/* End PBXNativeTarget section */

/* Begin PBXProject section */
		06768ABC1E137740001114DC /* Project object */ = {
			isa = PBXProject;
			attributes = {
				LastSwiftUpdateCheck = 0810;
				LastUpgradeCheck = 0810;
				ORGANIZATIONNAME = "Ievgenii Iablonskyi";
				TargetAttributes = {
					06768AC31E137740001114DC = {
						CreatedOnToolsVersion = 8.1;
						DevelopmentTeam = 3YKZSY3MBA;
						ProvisioningStyle = Automatic;
					};
					06768AD71E137740001114DC = {
						CreatedOnToolsVersion = 8.1;
						DevelopmentTeam = 3YKZSY3MBA;
						ProvisioningStyle = Automatic;
						TestTargetID = 06768AC31E137740001114DC;
					};
				};
			};
			buildConfigurationList = 06768ABF1E137740001114DC /* Build configuration list for PBXProject "MyCar" */;
			compatibilityVersion = "Xcode 3.2";
			developmentRegion = English;
			hasScannedForEncodings = 0;
			knownRegions = (
				en,
				Base,
			);
			mainGroup = 06768ABB1E137740001114DC;
			productRefGroup = 06768AC51E137740001114DC /* Products */;
			projectDirPath = "";
			projectRoot = "";
			targets = (
				06768AC31E137740001114DC /* MyCar */,
				06768AD71E137740001114DC /* MyCarTests */,
			);
		};
/* End PBXProject section */

/* Begin PBXResourcesBuildPhase section */
		06768AC21E137740001114DC /* Resources */ = {
			isa = PBXResourcesBuildPhase;
			buildActionMask = 2147483647;
			files = (
				06768AD21E137740001114DC /* LaunchScreen.storyboard in Resources */,
				06768ACF1E137740001114DC /* Assets.xcassets in Resources */,
				06768ACD1E137740001114DC /* Main.storyboard in Resources */,
			);
			runOnlyForDeploymentPostprocessing = 0;
		};
		06768AD61E137740001114DC /* Resources */ = {
			isa = PBXResourcesBuildPhase;
			buildActionMask = 2147483647;
			files = (
			);
			runOnlyForDeploymentPostprocessing = 0;
		};
/* End PBXResourcesBuildPhase section */

/* Begin PBXSourcesBuildPhase section */
		06768AC01E137740001114DC /* Sources */ = {
			isa = PBXSourcesBuildPhase;
			buildActionMask = 2147483647;
			files = (
				06768B141E14D2D2001114DC /* ManufacturersParser.swift in Sources */,
				06768B2B1E154829001114DC /* IURLGenerator.swift in Sources */,
				06768B291E151C57001114DC /* GlobalConstants.swift in Sources */,
				06768AC81E137740001114DC /* AppDelegate.swift in Sources */,
				06768AEA1E1377D2001114DC /* Manufacturer.swift in Sources */,
				06768B121E14D256001114DC /* IParser.swift in Sources */,
				06768B1A1E14DEEC001114DC /* ManufacturerCellSelectionNotificator.swift in Sources */,
				06768B251E1515CA001114DC /* ManufacturerURLGenerator.swift in Sources */,
				06768AEE1E137845001114DC /* Model.swift in Sources */,
				06768B1D1E14E703001114DC /* ManufacturerParsingCompletionNotificator.swift in Sources */,
				06768AF41E1378DD001114DC /* Manager.swift in Sources */,
				06768B161E14D306001114DC /* ModelsParser.swift in Sources */,
				06768B2D1E154963001114DC /* ModelURLGenerator.swift in Sources */,
				06768B271E1518A9001114DC /* URLElementsConstsnts.swift in Sources */,
				06768B001E139146001114DC /* ManufacturersListViewController.swift in Sources */,
				06768B181E14D6C2001114DC /* APIClient.swift in Sources */,
				06768B0D1E139E08001114DC /* ManufacturerCell.swift in Sources */,
				068E54E11E160DD700A9CA32 /* IAPICLient.swift in Sources */,
				06768B211E14F6E1001114DC /* ICellSelectionNotificator.swift in Sources */,
				06768B071E13944B001114DC /* ListDataProvider.swift in Sources */,
				06768B101E14B554001114DC /* CarElement.swift in Sources */,
				06768B231E14F8A3001114DC /* IParsingCompletionNotificator.swift in Sources */,
			);
			runOnlyForDeploymentPostprocessing = 0;
		};
		06768AD41E137740001114DC /* Sources */ = {
			isa = PBXSourcesBuildPhase;
			buildActionMask = 2147483647;
			files = (
				06768AF21E1378B4001114DC /* ManufacturerManagerTests.swift in Sources */,
				06768AFE1E1390C5001114DC /* ManufacturersListVCTests.swift in Sources */,
				06768AEC1E137825001114DC /* ModelTests.swift in Sources */,
				06768AE81E137794001114DC /* ManufacturerTests.swift in Sources */,
				06768ADD1E137740001114DC /* MyCarTests.swift in Sources */,
				06768B041E13935B001114DC /* ManufacturersListDataProviderTests.swift in Sources */,
				06768B0A1E139CD6001114DC /* ManufacturerCellTests.swift in Sources */,
			);
			runOnlyForDeploymentPostprocessing = 0;
		};
/* End PBXSourcesBuildPhase section */

/* Begin PBXTargetDependency section */
		06768ADA1E137740001114DC /* PBXTargetDependency */ = {
			isa = PBXTargetDependency;
			target = 06768AC31E137740001114DC /* MyCar */;
			targetProxy = 06768AD91E137740001114DC /* PBXContainerItemProxy */;
		};
/* End PBXTargetDependency section */

/* Begin PBXVariantGroup section */
		06768ACB1E137740001114DC /* Main.storyboard */ = {
			isa = PBXVariantGroup;
			children = (
				06768ACC1E137740001114DC /* Base */,
			);
			name = Main.storyboard;
			sourceTree = "<group>";
		};
		06768AD01E137740001114DC /* LaunchScreen.storyboard */ = {
			isa = PBXVariantGroup;
			children = (
				06768AD11E137740001114DC /* Base */,
			);
			name = LaunchScreen.storyboard;
			sourceTree = "<group>";
		};
/* End PBXVariantGroup section */

/* Begin XCBuildConfiguration section */
		06768ADF1E137740001114DC /* Debug */ = {
			isa = XCBuildConfiguration;
			buildSettings = {
				ALWAYS_SEARCH_USER_PATHS = NO;
				CLANG_ANALYZER_NONNULL = YES;
				CLANG_CXX_LANGUAGE_STANDARD = "gnu++0x";
				CLANG_CXX_LIBRARY = "libc++";
				CLANG_ENABLE_MODULES = YES;
				CLANG_ENABLE_OBJC_ARC = YES;
				CLANG_WARN_BOOL_CONVERSION = YES;
				CLANG_WARN_CONSTANT_CONVERSION = YES;
				CLANG_WARN_DIRECT_OBJC_ISA_USAGE = YES_ERROR;
				CLANG_WARN_DOCUMENTATION_COMMENTS = YES;
				CLANG_WARN_EMPTY_BODY = YES;
				CLANG_WARN_ENUM_CONVERSION = YES;
				CLANG_WARN_INFINITE_RECURSION = YES;
				CLANG_WARN_INT_CONVERSION = YES;
				CLANG_WARN_OBJC_ROOT_CLASS = YES_ERROR;
				CLANG_WARN_SUSPICIOUS_MOVES = YES;
				CLANG_WARN_UNREACHABLE_CODE = YES;
				CLANG_WARN__DUPLICATE_METHOD_MATCH = YES;
				"CODE_SIGN_IDENTITY[sdk=iphoneos*]" = "iPhone Developer";
				COPY_PHASE_STRIP = NO;
				DEBUG_INFORMATION_FORMAT = dwarf;
				ENABLE_STRICT_OBJC_MSGSEND = YES;
				ENABLE_TESTABILITY = YES;
				GCC_C_LANGUAGE_STANDARD = gnu99;
				GCC_DYNAMIC_NO_PIC = NO;
				GCC_NO_COMMON_BLOCKS = YES;
				GCC_OPTIMIZATION_LEVEL = 0;
				GCC_PREPROCESSOR_DEFINITIONS = (
					"DEBUG=1",
					"$(inherited)",
				);
				GCC_WARN_64_TO_32_BIT_CONVERSION = YES;
				GCC_WARN_ABOUT_RETURN_TYPE = YES_ERROR;
				GCC_WARN_UNDECLARED_SELECTOR = YES;
				GCC_WARN_UNINITIALIZED_AUTOS = YES_AGGRESSIVE;
				GCC_WARN_UNUSED_FUNCTION = YES;
				GCC_WARN_UNUSED_VARIABLE = YES;
				IPHONEOS_DEPLOYMENT_TARGET = 10.1;
				MTL_ENABLE_DEBUG_INFO = YES;
				ONLY_ACTIVE_ARCH = YES;
				SDKROOT = iphoneos;
				SWIFT_ACTIVE_COMPILATION_CONDITIONS = DEBUG;
				SWIFT_OPTIMIZATION_LEVEL = "-Onone";
				TARGETED_DEVICE_FAMILY = "1,2";
			};
			name = Debug;
		};
		06768AE01E137740001114DC /* Release */ = {
			isa = XCBuildConfiguration;
			buildSettings = {
				ALWAYS_SEARCH_USER_PATHS = NO;
				CLANG_ANALYZER_NONNULL = YES;
				CLANG_CXX_LANGUAGE_STANDARD = "gnu++0x";
				CLANG_CXX_LIBRARY = "libc++";
				CLANG_ENABLE_MODULES = YES;
				CLANG_ENABLE_OBJC_ARC = YES;
				CLANG_WARN_BOOL_CONVERSION = YES;
				CLANG_WARN_CONSTANT_CONVERSION = YES;
				CLANG_WARN_DIRECT_OBJC_ISA_USAGE = YES_ERROR;
				CLANG_WARN_DOCUMENTATION_COMMENTS = YES;
				CLANG_WARN_EMPTY_BODY = YES;
				CLANG_WARN_ENUM_CONVERSION = YES;
				CLANG_WARN_INFINITE_RECURSION = YES;
				CLANG_WARN_INT_CONVERSION = YES;
				CLANG_WARN_OBJC_ROOT_CLASS = YES_ERROR;
				CLANG_WARN_SUSPICIOUS_MOVES = YES;
				CLANG_WARN_UNREACHABLE_CODE = YES;
				CLANG_WARN__DUPLICATE_METHOD_MATCH = YES;
				"CODE_SIGN_IDENTITY[sdk=iphoneos*]" = "iPhone Developer";
				COPY_PHASE_STRIP = NO;
				DEBUG_INFORMATION_FORMAT = "dwarf-with-dsym";
				ENABLE_NS_ASSERTIONS = NO;
				ENABLE_STRICT_OBJC_MSGSEND = YES;
				GCC_C_LANGUAGE_STANDARD = gnu99;
				GCC_NO_COMMON_BLOCKS = YES;
				GCC_WARN_64_TO_32_BIT_CONVERSION = YES;
				GCC_WARN_ABOUT_RETURN_TYPE = YES_ERROR;
				GCC_WARN_UNDECLARED_SELECTOR = YES;
				GCC_WARN_UNINITIALIZED_AUTOS = YES_AGGRESSIVE;
				GCC_WARN_UNUSED_FUNCTION = YES;
				GCC_WARN_UNUSED_VARIABLE = YES;
				IPHONEOS_DEPLOYMENT_TARGET = 10.1;
				MTL_ENABLE_DEBUG_INFO = NO;
				SDKROOT = iphoneos;
				SWIFT_OPTIMIZATION_LEVEL = "-Owholemodule";
				TARGETED_DEVICE_FAMILY = "1,2";
				VALIDATE_PRODUCT = YES;
			};
			name = Release;
		};
		06768AE21E137740001114DC /* Debug */ = {
			isa = XCBuildConfiguration;
			buildSettings = {
				ASSETCATALOG_COMPILER_APPICON_NAME = AppIcon;
				DEVELOPMENT_TEAM = 3YKZSY3MBA;
				INFOPLIST_FILE = MyCar/Info.plist;
				IPHONEOS_DEPLOYMENT_TARGET = 10.0;
				LD_RUNPATH_SEARCH_PATHS = "$(inherited) @executable_path/Frameworks";
				PRODUCT_BUNDLE_IDENTIFIER = com.Iablonskyi.Ievgenii.MyCar;
				PRODUCT_NAME = "$(TARGET_NAME)";
				SWIFT_VERSION = 3.0;
			};
			name = Debug;
		};
		06768AE31E137740001114DC /* Release */ = {
			isa = XCBuildConfiguration;
			buildSettings = {
				ASSETCATALOG_COMPILER_APPICON_NAME = AppIcon;
				DEVELOPMENT_TEAM = 3YKZSY3MBA;
				INFOPLIST_FILE = MyCar/Info.plist;
				IPHONEOS_DEPLOYMENT_TARGET = 10.0;
				LD_RUNPATH_SEARCH_PATHS = "$(inherited) @executable_path/Frameworks";
				PRODUCT_BUNDLE_IDENTIFIER = com.Iablonskyi.Ievgenii.MyCar;
				PRODUCT_NAME = "$(TARGET_NAME)";
				SWIFT_VERSION = 3.0;
			};
			name = Release;
		};
		06768AE51E137740001114DC /* Debug */ = {
			isa = XCBuildConfiguration;
			buildSettings = {
				ALWAYS_EMBED_SWIFT_STANDARD_LIBRARIES = YES;
				BUNDLE_LOADER = "$(TEST_HOST)";
				DEVELOPMENT_TEAM = 3YKZSY3MBA;
				INFOPLIST_FILE = MyCarTests/Info.plist;
				LD_RUNPATH_SEARCH_PATHS = "$(inherited) @executable_path/Frameworks @loader_path/Frameworks";
				PRODUCT_BUNDLE_IDENTIFIER = com.Iablonskyi.Ievgenii.MyCarTests;
				PRODUCT_NAME = "$(TARGET_NAME)";
				SWIFT_VERSION = 3.0;
				TEST_HOST = "$(BUILT_PRODUCTS_DIR)/MyCar.app/MyCar";
			};
			name = Debug;
		};
		06768AE61E137740001114DC /* Release */ = {
			isa = XCBuildConfiguration;
			buildSettings = {
				ALWAYS_EMBED_SWIFT_STANDARD_LIBRARIES = YES;
				BUNDLE_LOADER = "$(TEST_HOST)";
				DEVELOPMENT_TEAM = 3YKZSY3MBA;
				INFOPLIST_FILE = MyCarTests/Info.plist;
				LD_RUNPATH_SEARCH_PATHS = "$(inherited) @executable_path/Frameworks @loader_path/Frameworks";
				PRODUCT_BUNDLE_IDENTIFIER = com.Iablonskyi.Ievgenii.MyCarTests;
				PRODUCT_NAME = "$(TARGET_NAME)";
				SWIFT_VERSION = 3.0;
				TEST_HOST = "$(BUILT_PRODUCTS_DIR)/MyCar.app/MyCar";
			};
			name = Release;
		};
/* End XCBuildConfiguration section */

/* Begin XCConfigurationList section */
		06768ABF1E137740001114DC /* Build configuration list for PBXProject "MyCar" */ = {
			isa = XCConfigurationList;
			buildConfigurations = (
				06768ADF1E137740001114DC /* Debug */,
				06768AE01E137740001114DC /* Release */,
			);
			defaultConfigurationIsVisible = 0;
			defaultConfigurationName = Release;
		};
		06768AE11E137740001114DC /* Build configuration list for PBXNativeTarget "MyCar" */ = {
			isa = XCConfigurationList;
			buildConfigurations = (
				06768AE21E137740001114DC /* Debug */,
				06768AE31E137740001114DC /* Release */,
			);
			defaultConfigurationIsVisible = 0;
			defaultConfigurationName = Release;
		};
		06768AE41E137740001114DC /* Build configuration list for PBXNativeTarget "MyCarTests" */ = {
			isa = XCConfigurationList;
			buildConfigurations = (
				06768AE51E137740001114DC /* Debug */,
				06768AE61E137740001114DC /* Release */,
			);
			defaultConfigurationIsVisible = 0;
			defaultConfigurationName = Release;
		};
/* End XCConfigurationList section */
	};
	rootObject = 06768ABC1E137740001114DC /* Project object */;
}
