// !$*UTF8*$!
{
	archiveVersion = 1;
	classes = {
	};
	objectVersion = 46;
	objects = {

/* Begin PBXBuildFile section */
		06768AC81E137740001114DC /* AppDelegate.swift in Sources */ = {isa = PBXBuildFile; fileRef = 06768AC71E137740001114DC /* AppDelegate.swift */; };
		06768ACA1E137740001114DC /* ViewController.swift in Sources */ = {isa = PBXBuildFile; fileRef = 06768AC91E137740001114DC /* ViewController.swift */; };
		06768ACD1E137740001114DC /* Main.storyboard in Resources */ = {isa = PBXBuildFile; fileRef = 06768ACB1E137740001114DC /* Main.storyboard */; };
		06768ACF1E137740001114DC /* Assets.xcassets in Resources */ = {isa = PBXBuildFile; fileRef = 06768ACE1E137740001114DC /* Assets.xcassets */; };
		06768AD21E137740001114DC /* LaunchScreen.storyboard in Resources */ = {isa = PBXBuildFile; fileRef = 06768AD01E137740001114DC /* LaunchScreen.storyboard */; };
		06768ADD1E137740001114DC /* MyCarTests.swift in Sources */ = {isa = PBXBuildFile; fileRef = 06768ADC1E137740001114DC /* MyCarTests.swift */; };
/* End PBXBuildFile section */

/* Begin PBXContainerItemProxy section */
		06768AD91E137740001114DC /* PBXContainerItemProxy */ = {
			isa = PBXContainerItemProxy;
			containerPortal = 06768ABC1E137740001114DC /* Project object */;
			proxyType = 1;
			remoteGlobalIDString = 06768AC31E137740001114DC;
			remoteInfo = MyCar;
		};
/* End PBXContainerItemProxy section */

/* Begin PBXFileReference section */
		06768AC41E137740001114DC /* MyCar.app */ = {isa = PBXFileReference; explicitFileType = wrapper.application; includeInIndex = 0; path = MyCar.app; sourceTree = BUILT_PRODUCTS_DIR; };
		06768AC71E137740001114DC /* AppDelegate.swift */ = {isa = PBXFileReference; lastKnownFileType = sourcecode.swift; path = AppDelegate.swift; sourceTree = "<group>"; };
		06768AC91E137740001114DC /* ViewController.swift */ = {isa = PBXFileReference; lastKnownFileType = sourcecode.swift; path = ViewController.swift; sourceTree = "<group>"; };
		06768ACC1E137740001114DC /* Base */ = {isa = PBXFileReference; lastKnownFileType = file.storyboard; name = Base; path = Base.lproj/Main.storyboard; sourceTree = "<group>"; };
		06768ACE1E137740001114DC /* Assets.xcassets */ = {isa = PBXFileReference; lastKnownFileType = folder.assetcatalog; path = Assets.xcassets; sourceTree = "<group>"; };
		06768AD11E137740001114DC /* Base */ = {isa = PBXFileReference; lastKnownFileType = file.storyboard; name = Base; path = Base.lproj/LaunchScreen.storyboard; sourceTree = "<group>"; };
		06768AD31E137740001114DC /* Info.plist */ = {isa = PBXFileReference; lastKnownFileType = text.plist.xml; path = Info.plist; sourceTree = "<group>"; };
		06768AD81E137740001114DC /* MyCarTests.xctest */ = {isa = PBXFileReference; explicitFileType = wrapper.cfbundle; includeInIndex = 0; path = MyCarTests.xctest; sourceTree = BUILT_PRODUCTS_DIR; };
		06768ADC1E137740001114DC /* MyCarTests.swift */ = {isa = PBXFileReference; lastKnownFileType = sourcecode.swift; path = MyCarTests.swift; sourceTree = "<group>"; };
		06768ADE1E137740001114DC /* Info.plist */ = {isa = PBXFileReference; lastKnownFileType = text.plist.xml; path = Info.plist; sourceTree = "<group>"; };
/* End PBXFileReference section */

/* Begin PBXFrameworksBuildPhase section */
		06768AC11E137740001114DC /* Frameworks */ = {
			isa = PBXFrameworksBuildPhase;
			buildActionMask = 2147483647;
			files = (
			);
			runOnlyForDeploymentPostprocessing = 0;
		};
		06768AD51E137740001114DC /* Frameworks */ = {
			isa = PBXFrameworksBuildPhase;
			buildActionMask = 2147483647;
			files = (
			);
			runOnlyForDeploymentPostprocessing = 0;
		};
/* End PBXFrameworksBuildPhase section */

/* Begin PBXGroup section */
		06768ABB1E137740001114DC = {
			isa = PBXGroup;
			children = (
				06768AC61E137740001114DC /* MyCar */,
				06768ADB1E137740001114DC /* MyCarTests */,
				06768AC51E137740001114DC /* Products */,
			);
			sourceTree = "<group>";
		};
		06768AC51E137740001114DC /* Products */ = {
			isa = PBXGroup;
			children = (
				06768AC41E137740001114DC /* MyCar.app */,
				06768AD81E137740001114DC /* MyCarTests.xctest */,
			);
			name = Products;
			sourceTree = "<group>";
		};
		06768AC61E137740001114DC /* MyCar */ = {
			isa = PBXGroup;
			children = (
				06768AC71E137740001114DC /* AppDelegate.swift */,
				06768AC91E137740001114DC /* ViewController.swift */,
				06768ACB1E137740001114DC /* Main.storyboard */,
				06768ACE1E137740001114DC /* Assets.xcassets */,
				06768AD01E137740001114DC /* LaunchScreen.storyboard */,
				06768AD31E137740001114DC /* Info.plist */,
			);
			path = MyCar;
			sourceTree = "<group>";
		};
		06768ADB1E137740001114DC /* MyCarTests */ = {
			isa = PBXGroup;
			children = (
				06768ADC1E137740001114DC /* MyCarTests.swift */,
				06768ADE1E137740001114DC /* Info.plist */,
			);
			path = MyCarTests;
			sourceTree = "<group>";
		};
/* End PBXGroup section */

/* Begin PBXNativeTarget section */
		06768AC31E137740001114DC /* MyCar */ = {
			isa = PBXNativeTarget;
			buildConfigurationList = 06768AE11E137740001114DC /* Build configuration list for PBXNativeTarget "MyCar" */;
			buildPhases = (
				06768AC01E137740001114DC /* Sources */,
				06768AC11E137740001114DC /* Frameworks */,
				06768AC21E137740001114DC /* Resources */,
			);
			buildRules = (
			);
			dependencies = (
			);
			name = MyCar;
			productName = MyCar;
			productReference = 06768AC41E137740001114DC /* MyCar.app */;
			productType = "com.apple.product-type.application";
		};
		06768AD71E137740001114DC /* MyCarTests */ = {
			isa = PBXNativeTarget;
			buildConfigurationList = 06768AE41E137740001114DC /* Build configuration list for PBXNativeTarget "MyCarTests" */;
			buildPhases = (
				06768AD41E137740001114DC /* Sources */,
				06768AD51E137740001114DC /* Frameworks */,
				06768AD61E137740001114DC /* Resources */,
			);
			buildRules = (
			);
			dependencies = (
				06768ADA1E137740001114DC /* PBXTargetDependency */,
			);
			name = MyCarTests;
			productName = MyCarTests;
			productReference = 06768AD81E137740001114DC /* MyCarTests.xctest */;
			productType = "com.apple.product-type.bundle.unit-test";
		};
/* End PBXNativeTarget section */

/* Begin PBXProject section */
		06768ABC1E137740001114DC /* Project object */ = {
			isa = PBXProject;
			attributes = {
				LastSwiftUpdateCheck = 0810;
				LastUpgradeCheck = 0810;
				ORGANIZATIONNAME = "Ievgenii Iablonskyi";
				TargetAttributes = {
					06768AC31E137740001114DC = {
						CreatedOnToolsVersion = 8.1;
						DevelopmentTeam = 3YKZSY3MBA;
						ProvisioningStyle = Automatic;
					};
					06768AD71E137740001114DC = {
						CreatedOnToolsVersion = 8.1;
						DevelopmentTeam = 3YKZSY3MBA;
						ProvisioningStyle = Automatic;
						TestTargetID = 06768AC31E137740001114DC;
					};
				};
			};
			buildConfigurationList = 06768ABF1E137740001114DC /* Build configuration list for PBXProject "MyCar" */;
			compatibilityVersion = "Xcode 3.2";
			developmentRegion = English;
			hasScannedForEncodings = 0;
			knownRegions = (
				en,
				Base,
			);
			mainGroup = 06768ABB1E137740001114DC;
			productRefGroup = 06768AC51E137740001114DC /* Products */;
			projectDirPath = "";
			projectRoot = "";
			targets = (
				06768AC31E137740001114DC /* MyCar */,
				06768AD71E137740001114DC /* MyCarTests */,
			);
		};
/* End PBXProject section */

/* Begin PBXResourcesBuildPhase section */
		06768AC21E137740001114DC /* Resources */ = {
			isa = PBXResourcesBuildPhase;
			buildActionMask = 2147483647;
			files = (
				06768AD21E137740001114DC /* LaunchScreen.storyboard in Resources */,
				06768ACF1E137740001114DC /* Assets.xcassets in Resources */,
				06768ACD1E137740001114DC /* Main.storyboard in Resources */,
			);
			runOnlyForDeploymentPostprocessing = 0;
		};
		06768AD61E137740001114DC /* Resources */ = {
			isa = PBXResourcesBuildPhase;
			buildActionMask = 2147483647;
			files = (
			);
			runOnlyForDeploymentPostprocessing = 0;
		};
/* End PBXResourcesBuildPhase section */

/* Begin PBXSourcesBuildPhase section */
		06768AC01E137740001114DC /* Sources */ = {
			isa = PBXSourcesBuildPhase;
			buildActionMask = 2147483647;
			files = (
				06768ACA1E137740001114DC /* ViewController.swift in Sources */,
				06768AC81E137740001114DC /* AppDelegate.swift in Sources */,
			);
			runOnlyForDeploymentPostprocessing = 0;
		};
		06768AD41E137740001114DC /* Sources */ = {
			isa = PBXSourcesBuildPhase;
			buildActionMask = 2147483647;
			files = (
				06768ADD1E137740001114DC /* MyCarTests.swift in Sources */,
			);
			runOnlyForDeploymentPostprocessing = 0;
		};
/* End PBXSourcesBuildPhase section */

/* Begin PBXTargetDependency section */
		06768ADA1E137740001114DC /* PBXTargetDependency */ = {
			isa = PBXTargetDependency;
			target = 06768AC31E137740001114DC /* MyCar */;
			targetProxy = 06768AD91E137740001114DC /* PBXContainerItemProxy */;
		};
/* End PBXTargetDependency section */

/* Begin PBXVariantGroup section */
		06768ACB1E137740001114DC /* Main.storyboard */ = {
			isa = PBXVariantGroup;
			children = (
				06768ACC1E137740001114DC /* Base */,
			);
			name = Main.storyboard;
			sourceTree = "<group>";
		};
		06768AD01E137740001114DC /* LaunchScreen.storyboard */ = {
			isa = PBXVariantGroup;
			children = (
				06768AD11E137740001114DC /* Base */,
			);
			name = LaunchScreen.storyboard;
			sourceTree = "<group>";
		};
/* End PBXVariantGroup section */

/* Begin XCBuildConfiguration section */
		06768ADF1E137740001114DC /* Debug */ = {
			isa = XCBuildConfiguration;
			buildSettings = {
				ALWAYS_SEARCH_USER_PATHS = NO;
				CLANG_ANALYZER_NONNULL = YES;
				CLANG_CXX_LANGUAGE_STANDARD = "gnu++0x";
				CLANG_CXX_LIBRARY = "libc++";
				CLANG_ENABLE_MODULES = YES;
				CLANG_ENABLE_OBJC_ARC = YES;
				CLANG_WARN_BOOL_CONVERSION = YES;
				CLANG_WARN_CONSTANT_CONVERSION = YES;
				CLANG_WARN_DIRECT_OBJC_ISA_USAGE = YES_ERROR;
				CLANG_WARN_DOCUMENTATION_COMMENTS = YES;
				CLANG_WARN_EMPTY_BODY = YES;
				CLANG_WARN_ENUM_CONVERSION = YES;
				CLANG_WARN_INFINITE_RECURSION = YES;
				CLANG_WARN_INT_CONVERSION = YES;
				CLANG_WARN_OBJC_ROOT_CLASS = YES_ERROR;
				CLANG_WARN_SUSPICIOUS_MOVES = YES;
				CLANG_WARN_UNREACHABLE_CODE = YES;
				CLANG_WARN__DUPLICATE_METHOD_MATCH = YES;
				"CODE_SIGN_IDENTITY[sdk=iphoneos*]" = "iPhone Developer";
				COPY_PHASE_STRIP = NO;
				DEBUG_INFORMATION_FORMAT = dwarf;
				ENABLE_STRICT_OBJC_MSGSEND = YES;
				ENABLE_TESTABILITY = YES;
				GCC_C_LANGUAGE_STANDARD = gnu99;
				GCC_DYNAMIC_NO_PIC = NO;
				GCC_NO_COMMON_BLOCKS = YES;
				GCC_OPTIMIZATION_LEVEL = 0;
				GCC_PREPROCESSOR_DEFINITIONS = (
					"DEBUG=1",
					"$(inherited)",
				);
				GCC_WARN_64_TO_32_BIT_CONVERSION = YES;
				GCC_WARN_ABOUT_RETURN_TYPE = YES_ERROR;
				GCC_WARN_UNDECLARED_SELECTOR = YES;
				GCC_WARN_UNINITIALIZED_AUTOS = YES_AGGRESSIVE;
				GCC_WARN_UNUSED_FUNCTION = YES;
				GCC_WARN_UNUSED_VARIABLE = YES;
				IPHONEOS_DEPLOYMENT_TARGET = 10.1;
				MTL_ENABLE_DEBUG_INFO = YES;
				ONLY_ACTIVE_ARCH = YES;
				SDKROOT = iphoneos;
				SWIFT_ACTIVE_COMPILATION_CONDITIONS = DEBUG;
				SWIFT_OPTIMIZATION_LEVEL = "-Onone";
				TARGETED_DEVICE_FAMILY = "1,2";
			};
			name = Debug;
		};
		06768AE01E137740001114DC /* Release */ = {
			isa = XCBuildConfiguration;
			buildSettings = {
				ALWAYS_SEARCH_USER_PATHS = NO;
				CLANG_ANALYZER_NONNULL = YES;
				CLANG_CXX_LANGUAGE_STANDARD = "gnu++0x";
				CLANG_CXX_LIBRARY = "libc++";
				CLANG_ENABLE_MODULES = YES;
				CLANG_ENABLE_OBJC_ARC = YES;
				CLANG_WARN_BOOL_CONVERSION = YES;
				CLANG_WARN_CONSTANT_CONVERSION = YES;
				CLANG_WARN_DIRECT_OBJC_ISA_USAGE = YES_ERROR;
				CLANG_WARN_DOCUMENTATION_COMMENTS = YES;
				CLANG_WARN_EMPTY_BODY = YES;
				CLANG_WARN_ENUM_CONVERSION = YES;
				CLANG_WARN_INFINITE_RECURSION = YES;
				CLANG_WARN_INT_CONVERSION = YES;
				CLANG_WARN_OBJC_ROOT_CLASS = YES_ERROR;
				CLANG_WARN_SUSPICIOUS_MOVES = YES;
				CLANG_WARN_UNREACHABLE_CODE = YES;
				CLANG_WARN__DUPLICATE_METHOD_MATCH = YES;
				"CODE_SIGN_IDENTITY[sdk=iphoneos*]" = "iPhone Developer";
				COPY_PHASE_STRIP = NO;
				DEBUG_INFORMATION_FORMAT = "dwarf-with-dsym";
				ENABLE_NS_ASSERTIONS = NO;
				ENABLE_STRICT_OBJC_MSGSEND = YES;
				GCC_C_LANGUAGE_STANDARD = gnu99;
				GCC_NO_COMMON_BLOCKS = YES;
				GCC_WARN_64_TO_32_BIT_CONVERSION = YES;
				GCC_WARN_ABOUT_RETURN_TYPE = YES_ERROR;
				GCC_WARN_UNDECLARED_SELECTOR = YES;
				GCC_WARN_UNINITIALIZED_AUTOS = YES_AGGRESSIVE;
				GCC_WARN_UNUSED_FUNCTION = YES;
				GCC_WARN_UNUSED_VARIABLE = YES;
				IPHONEOS_DEPLOYMENT_TARGET = 10.1;
				MTL_ENABLE_DEBUG_INFO = NO;
				SDKROOT = iphoneos;
				SWIFT_OPTIMIZATION_LEVEL = "-Owholemodule";
				TARGETED_DEVICE_FAMILY = "1,2";
				VALIDATE_PRODUCT = YES;
			};
			name = Release;
		};
		06768AE21E137740001114DC /* Debug */ = {
			isa = XCBuildConfiguration;
			buildSettings = {
				ASSETCATALOG_COMPILER_APPICON_NAME = AppIcon;
				DEVELOPMENT_TEAM = 3YKZSY3MBA;
				INFOPLIST_FILE = MyCar/Info.plist;
				LD_RUNPATH_SEARCH_PATHS = "$(inherited) @executable_path/Frameworks";
				PRODUCT_BUNDLE_IDENTIFIER = com.Iablonskyi.Ievgenii.MyCar;
				PRODUCT_NAME = "$(TARGET_NAME)";
				SWIFT_VERSION = 3.0;
			};
			name = Debug;
		};
		06768AE31E137740001114DC /* Release */ = {
			isa = XCBuildConfiguration;
			buildSettings = {
				ASSETCATALOG_COMPILER_APPICON_NAME = AppIcon;
				DEVELOPMENT_TEAM = 3YKZSY3MBA;
				INFOPLIST_FILE = MyCar/Info.plist;
				LD_RUNPATH_SEARCH_PATHS = "$(inherited) @executable_path/Frameworks";
				PRODUCT_BUNDLE_IDENTIFIER = com.Iablonskyi.Ievgenii.MyCar;
				PRODUCT_NAME = "$(TARGET_NAME)";
				SWIFT_VERSION = 3.0;
			};
			name = Release;
		};
		06768AE51E137740001114DC /* Debug */ = {
			isa = XCBuildConfiguration;
			buildSettings = {
				ALWAYS_EMBED_SWIFT_STANDARD_LIBRARIES = YES;
				BUNDLE_LOADER = "$(TEST_HOST)";
				DEVELOPMENT_TEAM = 3YKZSY3MBA;
				INFOPLIST_FILE = MyCarTests/Info.plist;
				LD_RUNPATH_SEARCH_PATHS = "$(inherited) @executable_path/Frameworks @loader_path/Frameworks";
				PRODUCT_BUNDLE_IDENTIFIER = com.Iablonskyi.Ievgenii.MyCarTests;
				PRODUCT_NAME = "$(TARGET_NAME)";
				SWIFT_VERSION = 3.0;
				TEST_HOST = "$(BUILT_PRODUCTS_DIR)/MyCar.app/MyCar";
			};
			name = Debug;
		};
		06768AE61E137740001114DC /* Release */ = {
			isa = XCBuildConfiguration;
			buildSettings = {
				ALWAYS_EMBED_SWIFT_STANDARD_LIBRARIES = YES;
				BUNDLE_LOADER = "$(TEST_HOST)";
				DEVELOPMENT_TEAM = 3YKZSY3MBA;
				INFOPLIST_FILE = MyCarTests/Info.plist;
				LD_RUNPATH_SEARCH_PATHS = "$(inherited) @executable_path/Frameworks @loader_path/Frameworks";
				PRODUCT_BUNDLE_IDENTIFIER = com.Iablonskyi.Ievgenii.MyCarTests;
				PRODUCT_NAME = "$(TARGET_NAME)";
				SWIFT_VERSION = 3.0;
				TEST_HOST = "$(BUILT_PRODUCTS_DIR)/MyCar.app/MyCar";
			};
			name = Release;
		};
/* End XCBuildConfiguration section */

/* Begin XCConfigurationList section */
		06768ABF1E137740001114DC /* Build configuration list for PBXProject "MyCar" */ = {
			isa = XCConfigurationList;
			buildConfigurations = (
				06768ADF1E137740001114DC /* Debug */,
				06768AE01E137740001114DC /* Release */,
			);
			defaultConfigurationIsVisible = 0;
			defaultConfigurationName = Release;
		};
		06768AE11E137740001114DC /* Build configuration list for PBXNativeTarget "MyCar" */ = {
			isa = XCConfigurationList;
			buildConfigurations = (
				06768AE21E137740001114DC /* Debug */,
				06768AE31E137740001114DC /* Release */,
			);
			defaultConfigurationIsVisible = 0;
		};
		06768AE41E137740001114DC /* Build configuration list for PBXNativeTarget "MyCarTests" */ = {
			isa = XCConfigurationList;
			buildConfigurations = (
				06768AE51E137740001114DC /* Debug */,
				06768AE61E137740001114DC /* Release */,
			);
			defaultConfigurationIsVisible = 0;
		};
/* End XCConfigurationList section */
	};
	rootObject = 06768ABC1E137740001114DC /* Project object */;
}
